
Microsoft Visual Studio Solution File, Format Version 12.00
# Visual Studio Version 16
VisualStudioVersion = 16.0.30114.105
MinimumVisualStudioVersion = 10.0.40219.1
Project("{FAE04EC0-301F-11D3-BF4B-00C04F79EFBC}") = "OutputFormatter", "OutputFormatter\OutputFormatter.csproj", "{BEDB9829-4D5F-45C5-815E-68C506188C55}"
EndProject
Global
	GlobalSection(SolutionConfigurationPlatforms) = preSolution
		Debug|Any CPU = Debug|Any CPU
		Release|Any CPU = Release|Any CPU
	EndGlobalSection
	GlobalSection(ProjectConfigurationPlatforms) = postSolution
		{BEDB9829-4D5F-45C5-815E-68C506188C55}.Debug|Any CPU.ActiveCfg = Debug|Any CPU
		{BEDB9829-4D5F-45C5-815E-68C506188C55}.Debug|Any CPU.Build.0 = Debug|Any CPU
		{BEDB9829-4D5F-45C5-815E-68C506188C55}.Release|Any CPU.ActiveCfg = Release|Any CPU
		{BEDB9829-4D5F-45C5-815E-68C506188C55}.Release|Any CPU.Build.0 = Release|Any CPU
	EndGlobalSection
	GlobalSection(SolutionProperties) = preSolution
		HideSolutionNode = FALSE
	EndGlobalSection
	GlobalSection(ExtensibilityGlobals) = postSolution
		SolutionGuid = {DB06D732-B3E5-484A-B7B8-4AA724883BF8}
	EndGlobalSection
EndGlobal
